
Microsoft Visual Studio Solution File, Format Version 12.00
# Visual Studio Version 16
VisualStudioVersion = 16.0.31129.286
MinimumVisualStudioVersion = 10.0.40219.1
Project("{FAE04EC0-301F-11D3-BF4B-00C04F79EFBC}") = "ylcWordCloudClient", "ylcWordCloudClient\ylcWordCloudClient.csproj", "{50105A06-E8AB-42AC-B21D-EB77EE5E399F}"
EndProject
Global
	GlobalSection(SolutionConfigurationPlatforms) = preSolution
		Debug|Any CPU = Debug|Any CPU
		Release|Any CPU = Release|Any CPU
	EndGlobalSection
	GlobalSection(ProjectConfigurationPlatforms) = postSolution
		{50105A06-E8AB-42AC-B21D-EB77EE5E399F}.Debug|Any CPU.ActiveCfg = Debug|Any CPU
		{50105A06-E8AB-42AC-B21D-EB77EE5E399F}.Debug|Any CPU.Build.0 = Debug|Any CPU
		{50105A06-E8AB-42AC-B21D-EB77EE5E399F}.Release|Any CPU.ActiveCfg = Release|Any CPU
		{50105A06-E8AB-42AC-B21D-EB77EE5E399F}.Release|Any CPU.Build.0 = Release|Any CPU
	EndGlobalSection
	GlobalSection(SolutionProperties) = preSolution
		HideSolutionNode = FALSE
	EndGlobalSection
	GlobalSection(ExtensibilityGlobals) = postSolution
		SolutionGuid = {38F1289A-3F0C-4363-9C36-704ED8716BC1}
	EndGlobalSection
EndGlobal
